
Microsoft Visual Studio Solution File, Format Version 12.00
# Visual Studio Version 17
VisualStudioVersion = 17.1.32210.238
MinimumVisualStudioVersion = 10.0.40219.1
Project("{FAE04EC0-301F-11D3-BF4B-00C04F79EFBC}") = "Exquisite_Corpse", "Exquisite_Corpse\Exquisite_Corpse.csproj", "{D80A0F2F-5BB8-405B-A9FF-84ADA07A0190}"
EndProject
Global
	GlobalSection(SolutionConfigurationPlatforms) = preSolution
		Debug|Any CPU = Debug|Any CPU
		Release|Any CPU = Release|Any CPU
	EndGlobalSection
	GlobalSection(ProjectConfigurationPlatforms) = postSolution
		{D80A0F2F-5BB8-405B-A9FF-84ADA07A0190}.Debug|Any CPU.ActiveCfg = Debug|Any CPU
		{D80A0F2F-5BB8-405B-A9FF-84ADA07A0190}.Debug|Any CPU.Build.0 = Debug|Any CPU
		{D80A0F2F-5BB8-405B-A9FF-84ADA07A0190}.Release|Any CPU.ActiveCfg = Release|Any CPU
		{D80A0F2F-5BB8-405B-A9FF-84ADA07A0190}.Release|Any CPU.Build.0 = Release|Any CPU
	EndGlobalSection
	GlobalSection(SolutionProperties) = preSolution
		HideSolutionNode = FALSE
	EndGlobalSection
	GlobalSection(ExtensibilityGlobals) = postSolution
		SolutionGuid = {2245557C-3D4B-4791-9F02-C96D62DEBDF8}
	EndGlobalSection
EndGlobal
